{
  "version": 1,
  "dependencies": {
    "net9.0": {
      "Microsoft.AspNetCore.OpenApi": {
        "type": "Direct",
        "requested": "[9.0.9, )",
        "resolved": "9.0.9",
        "contentHash": "3Sina0gS/CTYt9XG6DUFPdXOmJui7e551U0kO2bIiDk3vZ2sctxxenN+cE1a5CrUpjIVZfZr32neWYYRO+Piaw==",
        "dependencies": {
          "Microsoft.OpenApi": "1.6.17"
        }
      },
      "Newtonsoft.Json": {
        "type": "Direct",
        "requested": "[13.0.4, )",
        "resolved": "13.0.4",
        "contentHash": "pdgNNMai3zv51W5aq268sujXUyx7SNdE2bj1wZcWjAQrKMFZV260lbqYop1d2GM67JI1huLRwxo9ZqnfF/lC6A=="
      },
      "Swashbuckle.AspNetCore.Annotations": {
        "type": "Direct",
        "requested": "[9.0.6, )",
        "resolved": "9.0.6",
        "contentHash": "NGrxo6pkPgzKGD0t6FalY57aWrwR6S2xNq1MJEK+R7rX5asZlEfFJLps8VapRjBKcYgTvyguAV1lDrgabF6Krg==",
        "dependencies": {
          "Swashbuckle.AspNetCore.SwaggerGen": "9.0.6"
        }
      },
      "Microsoft.OpenApi": {
        "type": "Transitive",
        "resolved": "1.6.25",
        "contentHash": "ZahSqNGtNV7N0JBYS/IYXPkLVexL/AZFxo6pqxv6A7Uli7Q7zfitNjkaqIcsV73Ukzxi4IlJdyDgcQiMXiH8cw=="
      },
      "Swashbuckle.AspNetCore.Swagger": {
        "type": "Transitive",
        "resolved": "9.0.6",
        "contentHash": "Bgyc8rWRAYwDrzjVHGbavvNE38G1Dfgf1McHYm+WUr4TxkvEAXv8F8B1z3Kmz4BkDCKv9A/1COa2t7+Ri5+pLg==",
        "dependencies": {
          "Microsoft.OpenApi": "1.6.25"
        }
      },
      "Swashbuckle.AspNetCore.SwaggerGen": {
        "type": "Transitive",
        "resolved": "9.0.6",
        "contentHash": "yYrDs5qpIa4UXP+a02X0ZLQs6HSd1C8t6hF6J1fnxoawi3PslJg1yUpLBS89HCbrDACzmwEGG25il+8aa0zdnw==",
        "dependencies": {
          "Swashbuckle.AspNetCore.Swagger": "9.0.6"
        }
      }
    }
  }
}